
Microsoft Visual Studio Solution File, Format Version 12.00
# Visual Studio 14
VisualStudioVersion = 14.0.23107.0
MinimumVisualStudioVersion = 10.0.40219.1
Project("{FAE04EC0-301F-11D3-BF4B-00C04F79EFBC}") = "AF.Web", "Presentation\AF.Web\AF.Web.csproj", "{6C67A4F9-6A11-4E8A-AACE-2CC193F574DA}"
EndProject
Project("{2150E333-8FDC-42A3-9474-1A3956D46DE8}") = "Presentation", "Presentation", "{84C3CFD9-B8EA-41F8-AFEA-07016F22E5D7}"
EndProject
Project("{2150E333-8FDC-42A3-9474-1A3956D46DE8}") = "Libraries", "Libraries", "{F033E3C7-565F-435C-8417-615304669CB7}"
EndProject
Project("{FAE04EC0-301F-11D3-BF4B-00C04F79EFBC}") = "AF.Core", "Libraries\AF.Core\AF.Core.csproj", "{91FB0E77-BF36-4CC4-9D0E-47803C32F740}"
EndProject
Project("{FAE04EC0-301F-11D3-BF4B-00C04F79EFBC}") = "AF.Data", "Libraries\AF.Data\AF.Data.csproj", "{2487E157-3595-41D7-815B-FD7CC8F727B9}"
EndProject
Project("{FAE04EC0-301F-11D3-BF4B-00C04F79EFBC}") = "AF.Services", "Libraries\AF.Services\AF.Services.csproj", "{6D0784D8-1347-4AA7-8FF2-8E22D58A7E09}"
EndProject
Project("{2150E333-8FDC-42A3-9474-1A3956D46DE8}") = "Tests", "Tests", "{C95A6A6E-41BC-4980-AC33-7C82A9530666}"
EndProject
Project("{FAE04EC0-301F-11D3-BF4B-00C04F79EFBC}") = "AF.Data.Tests", "Tests\AF.Data.Tests\AF.Data.Tests.csproj", "{D4527EF1-5EE6-4C8A-8D3E-E5E0B90D8603}"
EndProject
Project("{FAE04EC0-301F-11D3-BF4B-00C04F79EFBC}") = "AF.Admin", "Presentation\AF.Web\Administration\AF.Admin.csproj", "{6A3F977C-B33C-427A-BC82-0B0B36D5D6DE}"
EndProject
Project("{FAE04EC0-301F-11D3-BF4B-00C04F79EFBC}") = "AF.Web.Framework", "Presentation\AF.Web.Framework\AF.Web.Framework.csproj", "{C5EF355A-876A-443B-A0AD-1B8F4EF1C2B2}"
EndProject
Project("{FAE04EC0-301F-11D3-BF4B-00C04F79EFBC}") = "AF.Domain", "Libraries\AF.Domain\AF.Domain.csproj", "{4DB40AFC-35A1-4901-B5D5-AC4483020D02}"
EndProject
Project("{FAE04EC0-301F-11D3-BF4B-00C04F79EFBC}") = "AF.Services.Tests", "Tests\AF.Services.Tests\AF.Services.Tests.csproj", "{1777576F-A6EA-4FCB-A3A2-D41F27D498D6}"
EndProject
Global
	GlobalSection(SolutionConfigurationPlatforms) = preSolution
		Debug|Any CPU = Debug|Any CPU
		Release|Any CPU = Release|Any CPU
	EndGlobalSection
	GlobalSection(ProjectConfigurationPlatforms) = postSolution
		{6C67A4F9-6A11-4E8A-AACE-2CC193F574DA}.Debug|Any CPU.ActiveCfg = Debug|Any CPU
		{6C67A4F9-6A11-4E8A-AACE-2CC193F574DA}.Debug|Any CPU.Build.0 = Debug|Any CPU
		{6C67A4F9-6A11-4E8A-AACE-2CC193F574DA}.Release|Any CPU.ActiveCfg = Release|Any CPU
		{6C67A4F9-6A11-4E8A-AACE-2CC193F574DA}.Release|Any CPU.Build.0 = Release|Any CPU
		{91FB0E77-BF36-4CC4-9D0E-47803C32F740}.Debug|Any CPU.ActiveCfg = Debug|Any CPU
		{91FB0E77-BF36-4CC4-9D0E-47803C32F740}.Debug|Any CPU.Build.0 = Debug|Any CPU
		{91FB0E77-BF36-4CC4-9D0E-47803C32F740}.Release|Any CPU.ActiveCfg = Release|Any CPU
		{91FB0E77-BF36-4CC4-9D0E-47803C32F740}.Release|Any CPU.Build.0 = Release|Any CPU
		{2487E157-3595-41D7-815B-FD7CC8F727B9}.Debug|Any CPU.ActiveCfg = Debug|Any CPU
		{2487E157-3595-41D7-815B-FD7CC8F727B9}.Debug|Any CPU.Build.0 = Debug|Any CPU
		{2487E157-3595-41D7-815B-FD7CC8F727B9}.Release|Any CPU.ActiveCfg = Release|Any CPU
		{2487E157-3595-41D7-815B-FD7CC8F727B9}.Release|Any CPU.Build.0 = Release|Any CPU
		{6D0784D8-1347-4AA7-8FF2-8E22D58A7E09}.Debug|Any CPU.ActiveCfg = Debug|Any CPU
		{6D0784D8-1347-4AA7-8FF2-8E22D58A7E09}.Debug|Any CPU.Build.0 = Debug|Any CPU
		{6D0784D8-1347-4AA7-8FF2-8E22D58A7E09}.Release|Any CPU.ActiveCfg = Release|Any CPU
		{6D0784D8-1347-4AA7-8FF2-8E22D58A7E09}.Release|Any CPU.Build.0 = Release|Any CPU
		{D4527EF1-5EE6-4C8A-8D3E-E5E0B90D8603}.Debug|Any CPU.ActiveCfg = Debug|Any CPU
		{D4527EF1-5EE6-4C8A-8D3E-E5E0B90D8603}.Debug|Any CPU.Build.0 = Debug|Any CPU
		{D4527EF1-5EE6-4C8A-8D3E-E5E0B90D8603}.Release|Any CPU.ActiveCfg = Release|Any CPU
		{D4527EF1-5EE6-4C8A-8D3E-E5E0B90D8603}.Release|Any CPU.Build.0 = Release|Any CPU
		{6A3F977C-B33C-427A-BC82-0B0B36D5D6DE}.Debug|Any CPU.ActiveCfg = Debug|Any CPU
		{6A3F977C-B33C-427A-BC82-0B0B36D5D6DE}.Debug|Any CPU.Build.0 = Debug|Any CPU
		{6A3F977C-B33C-427A-BC82-0B0B36D5D6DE}.Release|Any CPU.ActiveCfg = Release|Any CPU
		{6A3F977C-B33C-427A-BC82-0B0B36D5D6DE}.Release|Any CPU.Build.0 = Release|Any CPU
		{C5EF355A-876A-443B-A0AD-1B8F4EF1C2B2}.Debug|Any CPU.ActiveCfg = Debug|Any CPU
		{C5EF355A-876A-443B-A0AD-1B8F4EF1C2B2}.Debug|Any CPU.Build.0 = Debug|Any CPU
		{C5EF355A-876A-443B-A0AD-1B8F4EF1C2B2}.Release|Any CPU.ActiveCfg = Release|Any CPU
		{C5EF355A-876A-443B-A0AD-1B8F4EF1C2B2}.Release|Any CPU.Build.0 = Release|Any CPU
		{4DB40AFC-35A1-4901-B5D5-AC4483020D02}.Debug|Any CPU.ActiveCfg = Debug|Any CPU
		{4DB40AFC-35A1-4901-B5D5-AC4483020D02}.Debug|Any CPU.Build.0 = Debug|Any CPU
		{4DB40AFC-35A1-4901-B5D5-AC4483020D02}.Release|Any CPU.ActiveCfg = Release|Any CPU
		{4DB40AFC-35A1-4901-B5D5-AC4483020D02}.Release|Any CPU.Build.0 = Release|Any CPU
		{1777576F-A6EA-4FCB-A3A2-D41F27D498D6}.Debug|Any CPU.ActiveCfg = Debug|Any CPU
		{1777576F-A6EA-4FCB-A3A2-D41F27D498D6}.Debug|Any CPU.Build.0 = Debug|Any CPU
		{1777576F-A6EA-4FCB-A3A2-D41F27D498D6}.Release|Any CPU.ActiveCfg = Release|Any CPU
		{1777576F-A6EA-4FCB-A3A2-D41F27D498D6}.Release|Any CPU.Build.0 = Release|Any CPU
	EndGlobalSection
	GlobalSection(SolutionProperties) = preSolution
		HideSolutionNode = FALSE
	EndGlobalSection
	GlobalSection(NestedProjects) = preSolution
		{6C67A4F9-6A11-4E8A-AACE-2CC193F574DA} = {84C3CFD9-B8EA-41F8-AFEA-07016F22E5D7}
		{91FB0E77-BF36-4CC4-9D0E-47803C32F740} = {F033E3C7-565F-435C-8417-615304669CB7}
		{2487E157-3595-41D7-815B-FD7CC8F727B9} = {F033E3C7-565F-435C-8417-615304669CB7}
		{6D0784D8-1347-4AA7-8FF2-8E22D58A7E09} = {F033E3C7-565F-435C-8417-615304669CB7}
		{D4527EF1-5EE6-4C8A-8D3E-E5E0B90D8603} = {C95A6A6E-41BC-4980-AC33-7C82A9530666}
		{6A3F977C-B33C-427A-BC82-0B0B36D5D6DE} = {84C3CFD9-B8EA-41F8-AFEA-07016F22E5D7}
		{C5EF355A-876A-443B-A0AD-1B8F4EF1C2B2} = {84C3CFD9-B8EA-41F8-AFEA-07016F22E5D7}
		{4DB40AFC-35A1-4901-B5D5-AC4483020D02} = {F033E3C7-565F-435C-8417-615304669CB7}
		{1777576F-A6EA-4FCB-A3A2-D41F27D498D6} = {C95A6A6E-41BC-4980-AC33-7C82A9530666}
	EndGlobalSection
EndGlobal
